
Microsoft Visual Studio Solution File, Format Version 12.00
# Visual Studio 15
VisualStudioVersion = 15.0.27004.2005
MinimumVisualStudioVersion = 10.0.40219.1
Project("{2150E333-8FDC-42A3-9474-1A3956D46DE8}") = "ErrorHandling", "ErrorHandling", "{0451E59B-1A0A-49D4-82CE-CAC7ACDC9FFB}"
EndProject
Project("{FAE04EC0-301F-11D3-BF4B-00C04F79EFBC}") = "WCF.ErrorHandling.Contracts", "WCF.ErrorHandling.Contracts\WCF.ErrorHandling.Contracts.csproj", "{16DB5197-4D3C-408A-8D91-6914D41F028B}"
EndProject
Project("{FAE04EC0-301F-11D3-BF4B-00C04F79EFBC}") = "WCF.ErrorHandling.Service", "WCF.ErrorHandling.Service\WCF.ErrorHandling.Service.csproj", "{68ADB975-1804-4678-BA4E-F43BB2428AA7}"
EndProject
Project("{FAE04EC0-301F-11D3-BF4B-00C04F79EFBC}") = "WCF.ErrorHandling.IIS", "WCF.ErrorHandling.IIS\WCF.ErrorHandling.IIS.csproj", "{1086FD60-3608-460D-B536-9232C265B524}"
EndProject
Project("{2150E333-8FDC-42A3-9474-1A3956D46DE8}") = "Communicator", "Communicator", "{E6DA5864-8DED-4E60-9F36-7F4EF7D6872B}"
EndProject
Project("{FAE04EC0-301F-11D3-BF4B-00C04F79EFBC}") = "WCF.Communicator.IIS", "WCF.Communicator.IIS\WCF.Communicator.IIS.csproj", "{7F7657FE-7609-4948-B507-634A14DE7E17}"
EndProject
Project("{2150E333-8FDC-42A3-9474-1A3956D46DE8}") = "DependencyInjection", "DependencyInjection", "{F09F5AA1-EC16-4D6E-A07D-94086CCDF911}"
EndProject
Project("{FAE04EC0-301F-11D3-BF4B-00C04F79EFBC}") = "WCF.Communicator.Services", "WCF.Communicator.Services\WCF.Communicator.Services.csproj", "{5E0DBE3B-1A91-4BCA-8951-FDF07FDAFA30}"
EndProject
Project("{FAE04EC0-301F-11D3-BF4B-00C04F79EFBC}") = "WCF.Communicator.Contracts", "WCF.Communicator.Contracts\WCF.Communicator.Contracts.csproj", "{A5273772-E7E1-440C-AF32-C3D2862F1AC1}"
EndProject
Project("{2150E333-8FDC-42A3-9474-1A3956D46DE8}") = "Hosting", "Hosting", "{3450B0D4-A9F6-4BE0-B560-B00CAD564DD1}"
EndProject
Project("{FAE04EC0-301F-11D3-BF4B-00C04F79EFBC}") = "WCF.Communicator.Client", "WCF.Communicator.Client\WCF.Communicator.Client.csproj", "{299E79CA-77C2-4CDA-A450-74AEDBC4FF93}"
EndProject
Project("{FAE04EC0-301F-11D3-BF4B-00C04F79EFBC}") = "WCF.DependencyInjection.Selfhost", "WCF.DependencyInjection.Selfhost\WCF.DependencyInjection.Selfhost.csproj", "{2D3266AC-91D2-4B07-85EB-A9C4499D6BA8}"
EndProject
Project("{FAE04EC0-301F-11D3-BF4B-00C04F79EFBC}") = "WCF.DependencyInjection.IIS", "WCF.DependencyInjection.IIS\WCF.DependencyInjection.IIS.csproj", "{C782E1D8-0E16-4367-978B-CF0E0B4F8552}"
EndProject
Project("{FAE04EC0-301F-11D3-BF4B-00C04F79EFBC}") = "WCF.DependencyInjection.Services", "WCF.DependencyInjection.Services\WCF.DependencyInjection.Services.csproj", "{A08797AA-541E-4472-8AA7-A1A1CF0D3064}"
EndProject
Project("{FAE04EC0-301F-11D3-BF4B-00C04F79EFBC}") = "WCF.DependencyInjection.Contracts", "WCF.DependencyInjection.Contracts\WCF.DependencyInjection.Contracts.csproj", "{00DAA595-C186-4334-AAA3-62B19A6A2AF0}"
EndProject
Project("{FAE04EC0-301F-11D3-BF4B-00C04F79EFBC}") = "WCF.DependencyInjection.Client", "WCF.DependencyInjection.Client\WCF.DependencyInjection.Client.csproj", "{8B7FD6CF-25A4-4441-BA1A-D88E69D29E6A}"
EndProject
Project("{FAE04EC0-301F-11D3-BF4B-00C04F79EFBC}") = "WCF.ErrorHandling.Client", "WCF.ErrorHandling.Client\WCF.ErrorHandling.Client.csproj", "{F0DCB2C6-44B7-4B24-AF24-986BFB1F8CC7}"
EndProject
Project("{FAE04EC0-301F-11D3-BF4B-00C04F79EFBC}") = "WCF.Communicator.SelfHost", "WCF.Communicator.SelfHost\WCF.Communicator.SelfHost.csproj", "{D129E495-D517-4928-AA38-89C0B909B2B6}"
EndProject
Project("{FAE04EC0-301F-11D3-BF4B-00C04F79EFBC}") = "WCF.Hosting.Contracts", "WCF.Hosting.Contracts\WCF.Hosting.Contracts.csproj", "{AFC12B96-4826-4E6C-9F15-A954F0B7AA64}"
EndProject
Project("{FAE04EC0-301F-11D3-BF4B-00C04F79EFBC}") = "WCF.Hosting.Services", "WCF.Hosting.Services\WCF.Hosting.Services.csproj", "{7DD3A246-82AF-423A-85AB-F8506FFC9CE0}"
EndProject
Project("{FAE04EC0-301F-11D3-BF4B-00C04F79EFBC}") = "WCF.Hosting.Selfhost", "WCF.Hosting.Selfhost\WCF.Hosting.Selfhost.csproj", "{3BD1FBBF-7D49-4044-AFF0-0E5C5E714E9B}"
EndProject
Project("{FAE04EC0-301F-11D3-BF4B-00C04F79EFBC}") = "WCF.Hosting.IIS", "WCF.Hosting.IIS\WCF.Hosting.IIS.csproj", "{37F34E14-B9F6-4CC7-9375-B7799AFD180F}"
EndProject
Project("{FAE04EC0-301F-11D3-BF4B-00C04F79EFBC}") = "WCF.Hosting.Client", "WCF.Hosting.Client\WCF.Hosting.Client.csproj", "{4B6DC2C8-EF00-46E7-A116-77E10299C6FE}"
EndProject
Project("{FAE04EC0-301F-11D3-BF4B-00C04F79EFBC}") = "WCF.Hosting.WindowsService", "WCF.Hosting.WindowsService\WCF.Hosting.WindowsService.csproj", "{D510D8B7-6B32-42D1-9C82-6F56BC96DEDF}"
EndProject
Project("{2150E333-8FDC-42A3-9474-1A3956D46DE8}") = "Security", "Security", "{36609E9C-A888-4AA3-9467-2F5E1A6AE728}"
EndProject
Project("{2150E333-8FDC-42A3-9474-1A3956D46DE8}") = "PasswordValidator", "PasswordValidator", "{63587F18-2D69-4154-8753-4129040C7CD1}"
EndProject
Project("{FAE04EC0-301F-11D3-BF4B-00C04F79EFBC}") = "WCF.Security.Services", "WCF.Security.Services\WCF.Security.Services.csproj", "{E2634BB7-7938-4AEE-92E9-A7D32E2A8F14}"
EndProject
Project("{FAE04EC0-301F-11D3-BF4B-00C04F79EFBC}") = "WCF.Security.Contracts", "WCF.Security.Contracts\WCF.Security.Contracts.csproj", "{E917584A-CCD2-4A0E-9CBA-8605F444E0CC}"
EndProject
Project("{FAE04EC0-301F-11D3-BF4B-00C04F79EFBC}") = "WCF.Security.PasswordValidator.Selfhost", "WCF.Security.PasswordValidator.Selfhost\WCF.Security.PasswordValidator.Selfhost.csproj", "{0D086240-005B-4C22-8830-57487CF6ED8A}"
EndProject
Project("{FAE04EC0-301F-11D3-BF4B-00C04F79EFBC}") = "WCF.Security.PasswordValidator.Client", "WCF.Security.PasswordValidator.Client\WCF.Security.PasswordValidator.Client.csproj", "{BEDA3365-AAEC-4ACE-8F73-AD5959333001}"
EndProject
Project("{2150E333-8FDC-42A3-9474-1A3956D46DE8}") = "Certificates", "Certificates", "{0AF75B5D-A06E-4ADA-8630-4EDABF65852E}"
EndProject
Project("{2150E333-8FDC-42A3-9474-1A3956D46DE8}") = "Windows", "Windows", "{37A33B5C-164A-4889-BA1F-E67922FB53A3}"
EndProject
Project("{FAE04EC0-301F-11D3-BF4B-00C04F79EFBC}") = "WCF.Security.Windows.Selfhost", "WCF.Security.Windows.Selfhost\WCF.Security.Windows.Selfhost.csproj", "{C005EEA7-690E-4999-A09C-7A7F74F847E7}"
EndProject
Project("{FAE04EC0-301F-11D3-BF4B-00C04F79EFBC}") = "WCF.Security.Windows.Client", "WCF.Security.Windows.Client\WCF.Security.Windows.Client.csproj", "{DB37B233-013A-409E-9613-5B99848174ED}"
EndProject
Project("{FAE04EC0-301F-11D3-BF4B-00C04F79EFBC}") = "WCF.Security.Certificates.Selfhost", "WCF.Security.Certificates.Selfhost\WCF.Security.Certificates.Selfhost.csproj", "{B54CC540-705B-45DB-AFBA-7A561319BF98}"
EndProject
Project("{FAE04EC0-301F-11D3-BF4B-00C04F79EFBC}") = "WCF.Security.Certificates.Client", "WCF.Security.Certificates.Client\WCF.Security.Certificates.Client.csproj", "{6359C8DE-D79B-4B3D-AA64-A8EEDD12E66B}"
EndProject
Project("{2150E333-8FDC-42A3-9474-1A3956D46DE8}") = "Tests", "Tests", "{31A4FE97-4148-4176-8181-6B6B604A81FE}"
EndProject
Project("{FAE04EC0-301F-11D3-BF4B-00C04F79EFBC}") = "WCF.Tests", "WCF.Tests\WCF.Tests.csproj", "{E749F0B6-507B-4BD0-8BF1-41E88BE4380B}"
EndProject
Project("{FAE04EC0-301F-11D3-BF4B-00C04F79EFBC}") = "WCF.LoadTests", "WCF.LoadTests\WCF.LoadTests.csproj", "{1B54A2D6-A419-4603-9815-F4692F0F0108}"
EndProject
Global
	GlobalSection(SolutionConfigurationPlatforms) = preSolution
		Debug|Any CPU = Debug|Any CPU
		Release|Any CPU = Release|Any CPU
	EndGlobalSection
	GlobalSection(ProjectConfigurationPlatforms) = postSolution
		{16DB5197-4D3C-408A-8D91-6914D41F028B}.Debug|Any CPU.ActiveCfg = Debug|Any CPU
		{16DB5197-4D3C-408A-8D91-6914D41F028B}.Debug|Any CPU.Build.0 = Debug|Any CPU
		{16DB5197-4D3C-408A-8D91-6914D41F028B}.Release|Any CPU.ActiveCfg = Release|Any CPU
		{16DB5197-4D3C-408A-8D91-6914D41F028B}.Release|Any CPU.Build.0 = Release|Any CPU
		{68ADB975-1804-4678-BA4E-F43BB2428AA7}.Debug|Any CPU.ActiveCfg = Debug|Any CPU
		{68ADB975-1804-4678-BA4E-F43BB2428AA7}.Debug|Any CPU.Build.0 = Debug|Any CPU
		{68ADB975-1804-4678-BA4E-F43BB2428AA7}.Release|Any CPU.ActiveCfg = Release|Any CPU
		{68ADB975-1804-4678-BA4E-F43BB2428AA7}.Release|Any CPU.Build.0 = Release|Any CPU
		{1086FD60-3608-460D-B536-9232C265B524}.Debug|Any CPU.ActiveCfg = Debug|Any CPU
		{1086FD60-3608-460D-B536-9232C265B524}.Debug|Any CPU.Build.0 = Debug|Any CPU
		{1086FD60-3608-460D-B536-9232C265B524}.Release|Any CPU.ActiveCfg = Release|Any CPU
		{1086FD60-3608-460D-B536-9232C265B524}.Release|Any CPU.Build.0 = Release|Any CPU
		{7F7657FE-7609-4948-B507-634A14DE7E17}.Debug|Any CPU.ActiveCfg = Debug|Any CPU
		{7F7657FE-7609-4948-B507-634A14DE7E17}.Debug|Any CPU.Build.0 = Debug|Any CPU
		{7F7657FE-7609-4948-B507-634A14DE7E17}.Release|Any CPU.ActiveCfg = Release|Any CPU
		{7F7657FE-7609-4948-B507-634A14DE7E17}.Release|Any CPU.Build.0 = Release|Any CPU
		{5E0DBE3B-1A91-4BCA-8951-FDF07FDAFA30}.Debug|Any CPU.ActiveCfg = Debug|Any CPU
		{5E0DBE3B-1A91-4BCA-8951-FDF07FDAFA30}.Debug|Any CPU.Build.0 = Debug|Any CPU
		{5E0DBE3B-1A91-4BCA-8951-FDF07FDAFA30}.Release|Any CPU.ActiveCfg = Release|Any CPU
		{5E0DBE3B-1A91-4BCA-8951-FDF07FDAFA30}.Release|Any CPU.Build.0 = Release|Any CPU
		{A5273772-E7E1-440C-AF32-C3D2862F1AC1}.Debug|Any CPU.ActiveCfg = Debug|Any CPU
		{A5273772-E7E1-440C-AF32-C3D2862F1AC1}.Debug|Any CPU.Build.0 = Debug|Any CPU
		{A5273772-E7E1-440C-AF32-C3D2862F1AC1}.Release|Any CPU.ActiveCfg = Release|Any CPU
		{A5273772-E7E1-440C-AF32-C3D2862F1AC1}.Release|Any CPU.Build.0 = Release|Any CPU
		{299E79CA-77C2-4CDA-A450-74AEDBC4FF93}.Debug|Any CPU.ActiveCfg = Debug|Any CPU
		{299E79CA-77C2-4CDA-A450-74AEDBC4FF93}.Debug|Any CPU.Build.0 = Debug|Any CPU
		{299E79CA-77C2-4CDA-A450-74AEDBC4FF93}.Release|Any CPU.ActiveCfg = Release|Any CPU
		{299E79CA-77C2-4CDA-A450-74AEDBC4FF93}.Release|Any CPU.Build.0 = Release|Any CPU
		{2D3266AC-91D2-4B07-85EB-A9C4499D6BA8}.Debug|Any CPU.ActiveCfg = Debug|Any CPU
		{2D3266AC-91D2-4B07-85EB-A9C4499D6BA8}.Debug|Any CPU.Build.0 = Debug|Any CPU
		{2D3266AC-91D2-4B07-85EB-A9C4499D6BA8}.Release|Any CPU.ActiveCfg = Release|Any CPU
		{2D3266AC-91D2-4B07-85EB-A9C4499D6BA8}.Release|Any CPU.Build.0 = Release|Any CPU
		{C782E1D8-0E16-4367-978B-CF0E0B4F8552}.Debug|Any CPU.ActiveCfg = Debug|Any CPU
		{C782E1D8-0E16-4367-978B-CF0E0B4F8552}.Debug|Any CPU.Build.0 = Debug|Any CPU
		{C782E1D8-0E16-4367-978B-CF0E0B4F8552}.Release|Any CPU.ActiveCfg = Release|Any CPU
		{C782E1D8-0E16-4367-978B-CF0E0B4F8552}.Release|Any CPU.Build.0 = Release|Any CPU
		{A08797AA-541E-4472-8AA7-A1A1CF0D3064}.Debug|Any CPU.ActiveCfg = Debug|Any CPU
		{A08797AA-541E-4472-8AA7-A1A1CF0D3064}.Debug|Any CPU.Build.0 = Debug|Any CPU
		{A08797AA-541E-4472-8AA7-A1A1CF0D3064}.Release|Any CPU.ActiveCfg = Release|Any CPU
		{A08797AA-541E-4472-8AA7-A1A1CF0D3064}.Release|Any CPU.Build.0 = Release|Any CPU
		{00DAA595-C186-4334-AAA3-62B19A6A2AF0}.Debug|Any CPU.ActiveCfg = Debug|Any CPU
		{00DAA595-C186-4334-AAA3-62B19A6A2AF0}.Debug|Any CPU.Build.0 = Debug|Any CPU
		{00DAA595-C186-4334-AAA3-62B19A6A2AF0}.Release|Any CPU.ActiveCfg = Release|Any CPU
		{00DAA595-C186-4334-AAA3-62B19A6A2AF0}.Release|Any CPU.Build.0 = Release|Any CPU
		{8B7FD6CF-25A4-4441-BA1A-D88E69D29E6A}.Debug|Any CPU.ActiveCfg = Debug|Any CPU
		{8B7FD6CF-25A4-4441-BA1A-D88E69D29E6A}.Debug|Any CPU.Build.0 = Debug|Any CPU
		{8B7FD6CF-25A4-4441-BA1A-D88E69D29E6A}.Release|Any CPU.ActiveCfg = Release|Any CPU
		{8B7FD6CF-25A4-4441-BA1A-D88E69D29E6A}.Release|Any CPU.Build.0 = Release|Any CPU
		{F0DCB2C6-44B7-4B24-AF24-986BFB1F8CC7}.Debug|Any CPU.ActiveCfg = Debug|Any CPU
		{F0DCB2C6-44B7-4B24-AF24-986BFB1F8CC7}.Debug|Any CPU.Build.0 = Debug|Any CPU
		{F0DCB2C6-44B7-4B24-AF24-986BFB1F8CC7}.Release|Any CPU.ActiveCfg = Release|Any CPU
		{F0DCB2C6-44B7-4B24-AF24-986BFB1F8CC7}.Release|Any CPU.Build.0 = Release|Any CPU
		{D129E495-D517-4928-AA38-89C0B909B2B6}.Debug|Any CPU.ActiveCfg = Debug|Any CPU
		{D129E495-D517-4928-AA38-89C0B909B2B6}.Debug|Any CPU.Build.0 = Debug|Any CPU
		{D129E495-D517-4928-AA38-89C0B909B2B6}.Release|Any CPU.ActiveCfg = Release|Any CPU
		{D129E495-D517-4928-AA38-89C0B909B2B6}.Release|Any CPU.Build.0 = Release|Any CPU
		{AFC12B96-4826-4E6C-9F15-A954F0B7AA64}.Debug|Any CPU.ActiveCfg = Debug|Any CPU
		{AFC12B96-4826-4E6C-9F15-A954F0B7AA64}.Debug|Any CPU.Build.0 = Debug|Any CPU
		{AFC12B96-4826-4E6C-9F15-A954F0B7AA64}.Release|Any CPU.ActiveCfg = Release|Any CPU
		{AFC12B96-4826-4E6C-9F15-A954F0B7AA64}.Release|Any CPU.Build.0 = Release|Any CPU
		{7DD3A246-82AF-423A-85AB-F8506FFC9CE0}.Debug|Any CPU.ActiveCfg = Debug|Any CPU
		{7DD3A246-82AF-423A-85AB-F8506FFC9CE0}.Debug|Any CPU.Build.0 = Debug|Any CPU
		{7DD3A246-82AF-423A-85AB-F8506FFC9CE0}.Release|Any CPU.ActiveCfg = Release|Any CPU
		{7DD3A246-82AF-423A-85AB-F8506FFC9CE0}.Release|Any CPU.Build.0 = Release|Any CPU
		{3BD1FBBF-7D49-4044-AFF0-0E5C5E714E9B}.Debug|Any CPU.ActiveCfg = Debug|Any CPU
		{3BD1FBBF-7D49-4044-AFF0-0E5C5E714E9B}.Debug|Any CPU.Build.0 = Debug|Any CPU
		{3BD1FBBF-7D49-4044-AFF0-0E5C5E714E9B}.Release|Any CPU.ActiveCfg = Release|Any CPU
		{3BD1FBBF-7D49-4044-AFF0-0E5C5E714E9B}.Release|Any CPU.Build.0 = Release|Any CPU
		{37F34E14-B9F6-4CC7-9375-B7799AFD180F}.Debug|Any CPU.ActiveCfg = Debug|Any CPU
		{37F34E14-B9F6-4CC7-9375-B7799AFD180F}.Debug|Any CPU.Build.0 = Debug|Any CPU
		{37F34E14-B9F6-4CC7-9375-B7799AFD180F}.Release|Any CPU.ActiveCfg = Release|Any CPU
		{37F34E14-B9F6-4CC7-9375-B7799AFD180F}.Release|Any CPU.Build.0 = Release|Any CPU
		{4B6DC2C8-EF00-46E7-A116-77E10299C6FE}.Debug|Any CPU.ActiveCfg = Debug|Any CPU
		{4B6DC2C8-EF00-46E7-A116-77E10299C6FE}.Debug|Any CPU.Build.0 = Debug|Any CPU
		{4B6DC2C8-EF00-46E7-A116-77E10299C6FE}.Release|Any CPU.ActiveCfg = Release|Any CPU
		{4B6DC2C8-EF00-46E7-A116-77E10299C6FE}.Release|Any CPU.Build.0 = Release|Any CPU
		{D510D8B7-6B32-42D1-9C82-6F56BC96DEDF}.Debug|Any CPU.ActiveCfg = Debug|Any CPU
		{D510D8B7-6B32-42D1-9C82-6F56BC96DEDF}.Debug|Any CPU.Build.0 = Debug|Any CPU
		{D510D8B7-6B32-42D1-9C82-6F56BC96DEDF}.Release|Any CPU.ActiveCfg = Release|Any CPU
		{D510D8B7-6B32-42D1-9C82-6F56BC96DEDF}.Release|Any CPU.Build.0 = Release|Any CPU
		{E2634BB7-7938-4AEE-92E9-A7D32E2A8F14}.Debug|Any CPU.ActiveCfg = Debug|Any CPU
		{E2634BB7-7938-4AEE-92E9-A7D32E2A8F14}.Debug|Any CPU.Build.0 = Debug|Any CPU
		{E2634BB7-7938-4AEE-92E9-A7D32E2A8F14}.Release|Any CPU.ActiveCfg = Release|Any CPU
		{E2634BB7-7938-4AEE-92E9-A7D32E2A8F14}.Release|Any CPU.Build.0 = Release|Any CPU
		{E917584A-CCD2-4A0E-9CBA-8605F444E0CC}.Debug|Any CPU.ActiveCfg = Debug|Any CPU
		{E917584A-CCD2-4A0E-9CBA-8605F444E0CC}.Debug|Any CPU.Build.0 = Debug|Any CPU
		{E917584A-CCD2-4A0E-9CBA-8605F444E0CC}.Release|Any CPU.ActiveCfg = Release|Any CPU
		{E917584A-CCD2-4A0E-9CBA-8605F444E0CC}.Release|Any CPU.Build.0 = Release|Any CPU
		{0D086240-005B-4C22-8830-57487CF6ED8A}.Debug|Any CPU.ActiveCfg = Debug|Any CPU
		{0D086240-005B-4C22-8830-57487CF6ED8A}.Debug|Any CPU.Build.0 = Debug|Any CPU
		{0D086240-005B-4C22-8830-57487CF6ED8A}.Release|Any CPU.ActiveCfg = Release|Any CPU
		{0D086240-005B-4C22-8830-57487CF6ED8A}.Release|Any CPU.Build.0 = Release|Any CPU
		{BEDA3365-AAEC-4ACE-8F73-AD5959333001}.Debug|Any CPU.ActiveCfg = Debug|Any CPU
		{BEDA3365-AAEC-4ACE-8F73-AD5959333001}.Debug|Any CPU.Build.0 = Debug|Any CPU
		{BEDA3365-AAEC-4ACE-8F73-AD5959333001}.Release|Any CPU.ActiveCfg = Release|Any CPU
		{BEDA3365-AAEC-4ACE-8F73-AD5959333001}.Release|Any CPU.Build.0 = Release|Any CPU
		{C005EEA7-690E-4999-A09C-7A7F74F847E7}.Debug|Any CPU.ActiveCfg = Debug|Any CPU
		{C005EEA7-690E-4999-A09C-7A7F74F847E7}.Debug|Any CPU.Build.0 = Debug|Any CPU
		{C005EEA7-690E-4999-A09C-7A7F74F847E7}.Release|Any CPU.ActiveCfg = Release|Any CPU
		{C005EEA7-690E-4999-A09C-7A7F74F847E7}.Release|Any CPU.Build.0 = Release|Any CPU
		{DB37B233-013A-409E-9613-5B99848174ED}.Debug|Any CPU.ActiveCfg = Debug|Any CPU
		{DB37B233-013A-409E-9613-5B99848174ED}.Debug|Any CPU.Build.0 = Debug|Any CPU
		{DB37B233-013A-409E-9613-5B99848174ED}.Release|Any CPU.ActiveCfg = Release|Any CPU
		{DB37B233-013A-409E-9613-5B99848174ED}.Release|Any CPU.Build.0 = Release|Any CPU
		{B54CC540-705B-45DB-AFBA-7A561319BF98}.Debug|Any CPU.ActiveCfg = Debug|Any CPU
		{B54CC540-705B-45DB-AFBA-7A561319BF98}.Debug|Any CPU.Build.0 = Debug|Any CPU
		{B54CC540-705B-45DB-AFBA-7A561319BF98}.Release|Any CPU.ActiveCfg = Release|Any CPU
		{B54CC540-705B-45DB-AFBA-7A561319BF98}.Release|Any CPU.Build.0 = Release|Any CPU
		{6359C8DE-D79B-4B3D-AA64-A8EEDD12E66B}.Debug|Any CPU.ActiveCfg = Debug|Any CPU
		{6359C8DE-D79B-4B3D-AA64-A8EEDD12E66B}.Debug|Any CPU.Build.0 = Debug|Any CPU
		{6359C8DE-D79B-4B3D-AA64-A8EEDD12E66B}.Release|Any CPU.ActiveCfg = Release|Any CPU
		{6359C8DE-D79B-4B3D-AA64-A8EEDD12E66B}.Release|Any CPU.Build.0 = Release|Any CPU
		{E749F0B6-507B-4BD0-8BF1-41E88BE4380B}.Debug|Any CPU.ActiveCfg = Debug|Any CPU
		{E749F0B6-507B-4BD0-8BF1-41E88BE4380B}.Debug|Any CPU.Build.0 = Debug|Any CPU
		{E749F0B6-507B-4BD0-8BF1-41E88BE4380B}.Release|Any CPU.ActiveCfg = Release|Any CPU
		{E749F0B6-507B-4BD0-8BF1-41E88BE4380B}.Release|Any CPU.Build.0 = Release|Any CPU
		{1B54A2D6-A419-4603-9815-F4692F0F0108}.Debug|Any CPU.ActiveCfg = Debug|Any CPU
		{1B54A2D6-A419-4603-9815-F4692F0F0108}.Debug|Any CPU.Build.0 = Debug|Any CPU
		{1B54A2D6-A419-4603-9815-F4692F0F0108}.Release|Any CPU.ActiveCfg = Release|Any CPU
		{1B54A2D6-A419-4603-9815-F4692F0F0108}.Release|Any CPU.Build.0 = Release|Any CPU
	EndGlobalSection
	GlobalSection(SolutionProperties) = preSolution
		HideSolutionNode = FALSE
	EndGlobalSection
	GlobalSection(NestedProjects) = preSolution
		{16DB5197-4D3C-408A-8D91-6914D41F028B} = {0451E59B-1A0A-49D4-82CE-CAC7ACDC9FFB}
		{68ADB975-1804-4678-BA4E-F43BB2428AA7} = {0451E59B-1A0A-49D4-82CE-CAC7ACDC9FFB}
		{1086FD60-3608-460D-B536-9232C265B524} = {0451E59B-1A0A-49D4-82CE-CAC7ACDC9FFB}
		{7F7657FE-7609-4948-B507-634A14DE7E17} = {E6DA5864-8DED-4E60-9F36-7F4EF7D6872B}
		{5E0DBE3B-1A91-4BCA-8951-FDF07FDAFA30} = {E6DA5864-8DED-4E60-9F36-7F4EF7D6872B}
		{A5273772-E7E1-440C-AF32-C3D2862F1AC1} = {E6DA5864-8DED-4E60-9F36-7F4EF7D6872B}
		{299E79CA-77C2-4CDA-A450-74AEDBC4FF93} = {E6DA5864-8DED-4E60-9F36-7F4EF7D6872B}
		{2D3266AC-91D2-4B07-85EB-A9C4499D6BA8} = {F09F5AA1-EC16-4D6E-A07D-94086CCDF911}
		{C782E1D8-0E16-4367-978B-CF0E0B4F8552} = {F09F5AA1-EC16-4D6E-A07D-94086CCDF911}
		{A08797AA-541E-4472-8AA7-A1A1CF0D3064} = {F09F5AA1-EC16-4D6E-A07D-94086CCDF911}
		{00DAA595-C186-4334-AAA3-62B19A6A2AF0} = {F09F5AA1-EC16-4D6E-A07D-94086CCDF911}
		{8B7FD6CF-25A4-4441-BA1A-D88E69D29E6A} = {F09F5AA1-EC16-4D6E-A07D-94086CCDF911}
		{F0DCB2C6-44B7-4B24-AF24-986BFB1F8CC7} = {0451E59B-1A0A-49D4-82CE-CAC7ACDC9FFB}
		{D129E495-D517-4928-AA38-89C0B909B2B6} = {E6DA5864-8DED-4E60-9F36-7F4EF7D6872B}
		{AFC12B96-4826-4E6C-9F15-A954F0B7AA64} = {3450B0D4-A9F6-4BE0-B560-B00CAD564DD1}
		{7DD3A246-82AF-423A-85AB-F8506FFC9CE0} = {3450B0D4-A9F6-4BE0-B560-B00CAD564DD1}
		{3BD1FBBF-7D49-4044-AFF0-0E5C5E714E9B} = {3450B0D4-A9F6-4BE0-B560-B00CAD564DD1}
		{37F34E14-B9F6-4CC7-9375-B7799AFD180F} = {3450B0D4-A9F6-4BE0-B560-B00CAD564DD1}
		{4B6DC2C8-EF00-46E7-A116-77E10299C6FE} = {3450B0D4-A9F6-4BE0-B560-B00CAD564DD1}
		{D510D8B7-6B32-42D1-9C82-6F56BC96DEDF} = {3450B0D4-A9F6-4BE0-B560-B00CAD564DD1}
		{63587F18-2D69-4154-8753-4129040C7CD1} = {36609E9C-A888-4AA3-9467-2F5E1A6AE728}
		{E2634BB7-7938-4AEE-92E9-A7D32E2A8F14} = {36609E9C-A888-4AA3-9467-2F5E1A6AE728}
		{E917584A-CCD2-4A0E-9CBA-8605F444E0CC} = {36609E9C-A888-4AA3-9467-2F5E1A6AE728}
		{0D086240-005B-4C22-8830-57487CF6ED8A} = {63587F18-2D69-4154-8753-4129040C7CD1}
		{BEDA3365-AAEC-4ACE-8F73-AD5959333001} = {63587F18-2D69-4154-8753-4129040C7CD1}
		{0AF75B5D-A06E-4ADA-8630-4EDABF65852E} = {36609E9C-A888-4AA3-9467-2F5E1A6AE728}
		{37A33B5C-164A-4889-BA1F-E67922FB53A3} = {36609E9C-A888-4AA3-9467-2F5E1A6AE728}
		{C005EEA7-690E-4999-A09C-7A7F74F847E7} = {37A33B5C-164A-4889-BA1F-E67922FB53A3}
		{DB37B233-013A-409E-9613-5B99848174ED} = {37A33B5C-164A-4889-BA1F-E67922FB53A3}
		{B54CC540-705B-45DB-AFBA-7A561319BF98} = {0AF75B5D-A06E-4ADA-8630-4EDABF65852E}
		{6359C8DE-D79B-4B3D-AA64-A8EEDD12E66B} = {0AF75B5D-A06E-4ADA-8630-4EDABF65852E}
		{E749F0B6-507B-4BD0-8BF1-41E88BE4380B} = {31A4FE97-4148-4176-8181-6B6B604A81FE}
		{1B54A2D6-A419-4603-9815-F4692F0F0108} = {31A4FE97-4148-4176-8181-6B6B604A81FE}
	EndGlobalSection
	GlobalSection(ExtensibilityGlobals) = postSolution
		SolutionGuid = {9BD16D8C-B353-4727-8F09-07192B64E931}
	EndGlobalSection
EndGlobal
